
Microsoft Visual Studio Solution File, Format Version 12.00
# Visual Studio 15
VisualStudioVersion = 15.0.28307.1738
MinimumVisualStudioVersion = 10.0.40219.1
Project("{8BC9CEB8-8B4A-11D0-8D11-00A0C91BC942}") = "P17", "P17\P17.vcxproj", "{BA11299B-9CBD-40C8-93AF-D75D1219D103}"
EndProject
Global
	GlobalSection(SolutionConfigurationPlatforms) = preSolution
		Debug|x64 = Debug|x64
		Debug|x86 = Debug|x86
		Release|x64 = Release|x64
		Release|x86 = Release|x86
	EndGlobalSection
	GlobalSection(ProjectConfigurationPlatforms) = postSolution
		{BA11299B-9CBD-40C8-93AF-D75D1219D103}.Debug|x64.ActiveCfg = Debug|x64
		{BA11299B-9CBD-40C8-93AF-D75D1219D103}.Debug|x64.Build.0 = Debug|x64
		{BA11299B-9CBD-40C8-93AF-D75D1219D103}.Debug|x86.ActiveCfg = Debug|Win32
		{BA11299B-9CBD-40C8-93AF-D75D1219D103}.Debug|x86.Build.0 = Debug|Win32
		{BA11299B-9CBD-40C8-93AF-D75D1219D103}.Release|x64.ActiveCfg = Release|x64
		{BA11299B-9CBD-40C8-93AF-D75D1219D103}.Release|x64.Build.0 = Release|x64
		{BA11299B-9CBD-40C8-93AF-D75D1219D103}.Release|x86.ActiveCfg = Release|Win32
		{BA11299B-9CBD-40C8-93AF-D75D1219D103}.Release|x86.Build.0 = Release|Win32
	EndGlobalSection
	GlobalSection(SolutionProperties) = preSolution
		HideSolutionNode = FALSE
	EndGlobalSection
	GlobalSection(ExtensibilityGlobals) = postSolution
		SolutionGuid = {77F73C88-4003-4B89-8218-0315E9380DCB}
	EndGlobalSection
EndGlobal
